version = 1
revision = 3
requires-python = ">=3.12"

[[package]]
name = "guizero"
version = "1.6.0"
source = { registry = "https://pypi.org/simple" }
sdist = { url = "https://files.pythonhosted.org/packages/aa/dc/2157b632f3e57c2c46ad690072abe498899d3bad55a2200fae0b5eac5102/guizero-1.6.0.tar.gz", hash = "sha256:0cf3000a30a4cabcd5bee95c5decad20616b2dba5bb958b4f2286c2819ee3a9f", size = 4327325, upload-time = "2025-01-10T09:39:03.387Z" }
wheels = [
    { url = "https://files.pythonhosted.org/packages/35/ea/bcdc9988604adc48d016ff6cdc0669b70bbb61525c1cbbc4f19801147d67/guizero-1.6.0-py3-none-any.whl", hash = "sha256:241e54f8a11c8faff53b1f6a2abdd486b8338b6f49674daad8c33dd58c910e09", size = 45128, upload-time = "2025-01-10T09:38:56.166Z" },
]

[[package]]
name = "pygui"
version = "0.1.0"
source = { editable = "." }
dependencies = [
    { name = "guizero" },
]

[package.metadata]
requires-dist = [{ name = "guizero", specifier = ">=1.6.0" }]
